uuid: 3305eea6-e802-446d-aad0-6754387a6aca
langcode: en
status: false
dependencies:
  theme:
    - kuzya_main
id: kuzya_main_about_us_block
theme: kuzya_main
region: header
weight: 0
provider: null
plugin: about_us
settings:
  id: about_us
  label: 'About Us'
  label_display: visible
  provider: kenny_core
visibility: {  }
