uuid: 735980ba-71bb-4b4d-b2cd-a1da26b33f75
langcode: en
status: false
dependencies:
  theme:
    - kenny
id: kenny_about_us_block
theme: kenny
region: about
weight: 0
provider: null
plugin: about_us
settings:
  id: about_us
  label: 'About Us'
  label_display: visible
  provider: kenny_core
visibility: {  }
