uuid: b952fe07-c38f-4f5d-98a0-560d19334c87
langcode: en
status: false
dependencies:
  theme:
    - kuzyamain
id: kuzyamain_about_us_block
theme: kuzyamain
region: header
weight: 0
provider: null
plugin: about_us
settings:
  id: about_us
  label: 'About Us'
  label_display: visible
  provider: kenny_core
visibility: {  }
