uuid: ec8276e1-8008-41f8-9d72-8af85670dc37
langcode: en
status: false
dependencies:
  module:
    - kenny_core
  theme:
    - kuzya_main
id: kuzya_main_customweatherblock
theme: kuzya_main
region: header
weight: -7
provider: null
plugin: kenny_weather_block
settings:
  id: kenny_weather_block
  label: 'Custom Weather block'
  label_display: '0'
  provider: kenny_core
visibility: {  }
