uuid: fd117b31-5265-4966-ae34-5856c9bc4c02
langcode: en
status: true
dependencies:
  module:
    - weather_api
  theme:
    - kuzya_main
id: kuzya_main_custom_weather_api_block
theme: kuzya_main
region: header
weight: 0
provider: null
plugin: weather_api_block
settings:
  id: weather_api_block
  label: 'Custom Weather API block'
  label_display: '0'
  provider: weather_api
visibility: {  }
